github.com/aitorfernandez/go-by-example v0.0.0-20200817193436-4bc6037b6a51 h1:N2vduk9+3aZKOjZjnoBx+k3eXkj6IqgZjo3+hs9V1eU=
github.com/aitorfernandez/go-by-example/gmachine v0.0.0-20200817193436-4bc6037b6a51 h1:97xO9zMnOaczxHA4VpjCnBzmizj+Zg9SYsQmw7Q2B+A=
github.com/aitorfernandez/go-by-example/gmachine v0.0.0-20200817193436-4bc6037b6a51/go.mod h1:qtiTEYvGKFC1OVU7q9Yk6hCGzY3811uVB+4vm+QoAhU=
